
Microsoft Visual Studio Solution File, Format Version 12.00
Project("{2150E333-8FDC-42A3-9474-1A3956D46DE8}") = "src", "src", "{8D71A471-FDBF-4907-8636-454ABD552EEA}"
EndProject
Project("{2150E333-8FDC-42A3-9474-1A3956D46DE8}") = "tests", "tests", "{867DBFD6-F66B-42BD-B8A1-25BC9C22A987}"
EndProject
Project("{FAE04EC0-301F-11D3-BF4B-00C04F79EFBC}") = "FacilityRulesRunner.Api", "src\FacilityRulesRunner.Api\FacilityRulesRunner.Api.csproj", "{DF5CCF26-428A-418F-B46C-87D96F113B87}"
EndProject
Global
	GlobalSection(SolutionConfigurationPlatforms) = preSolution
		Debug|Any CPU = Debug|Any CPU
		Release|Any CPU = Release|Any CPU
	EndGlobalSection
	GlobalSection(NestedProjects) = preSolution
		{DF5CCF26-428A-418F-B46C-87D96F113B87} = {8D71A471-FDBF-4907-8636-454ABD552EEA}
	EndGlobalSection
	GlobalSection(ProjectConfigurationPlatforms) = postSolution
		{DF5CCF26-428A-418F-B46C-87D96F113B87}.Debug|Any CPU.ActiveCfg = Debug|Any CPU
		{DF5CCF26-428A-418F-B46C-87D96F113B87}.Debug|Any CPU.Build.0 = Debug|Any CPU
		{DF5CCF26-428A-418F-B46C-87D96F113B87}.Release|Any CPU.ActiveCfg = Release|Any CPU
		{DF5CCF26-428A-418F-B46C-87D96F113B87}.Release|Any CPU.Build.0 = Release|Any CPU
	EndGlobalSection
EndGlobal
